
Microsoft Visual Studio Solution File, Format Version 12.00
# Visual Studio 15
VisualStudioVersion = 15.0.28307.271
MinimumVisualStudioVersion = 10.0.40219.1
Project("{FAE04EC0-301F-11D3-BF4B-00C04F79EFBC}") = "WebApiFulunFulu", "WebApiFulunFulu\WebApiFulunFulu.csproj", "{B06FD7F2-9640-4474-AA56-5F5615AC6163}"
EndProject
Project("{FAE04EC0-301F-11D3-BF4B-00C04F79EFBC}") = "Mvc", "Mvc\Mvc.csproj", "{7B3A376B-D663-4897-8B8D-07395B30AA11}"
EndProject
Global
	GlobalSection(SolutionConfigurationPlatforms) = preSolution
		Debug|Any CPU = Debug|Any CPU
		Release|Any CPU = Release|Any CPU
	EndGlobalSection
	GlobalSection(ProjectConfigurationPlatforms) = postSolution
		{B06FD7F2-9640-4474-AA56-5F5615AC6163}.Debug|Any CPU.ActiveCfg = Debug|Any CPU
		{B06FD7F2-9640-4474-AA56-5F5615AC6163}.Debug|Any CPU.Build.0 = Debug|Any CPU
		{B06FD7F2-9640-4474-AA56-5F5615AC6163}.Release|Any CPU.ActiveCfg = Release|Any CPU
		{B06FD7F2-9640-4474-AA56-5F5615AC6163}.Release|Any CPU.Build.0 = Release|Any CPU
		{7B3A376B-D663-4897-8B8D-07395B30AA11}.Debug|Any CPU.ActiveCfg = Debug|Any CPU
		{7B3A376B-D663-4897-8B8D-07395B30AA11}.Debug|Any CPU.Build.0 = Debug|Any CPU
		{7B3A376B-D663-4897-8B8D-07395B30AA11}.Release|Any CPU.ActiveCfg = Release|Any CPU
		{7B3A376B-D663-4897-8B8D-07395B30AA11}.Release|Any CPU.Build.0 = Release|Any CPU
	EndGlobalSection
	GlobalSection(SolutionProperties) = preSolution
		HideSolutionNode = FALSE
	EndGlobalSection
	GlobalSection(ExtensibilityGlobals) = postSolution
		SolutionGuid = {EE91AB3D-1100-46C5-A9EF-FE7E179E627A}
	EndGlobalSection
EndGlobal
